
Microsoft Visual Studio Solution File, Format Version 12.00
# Visual Studio Version 17
VisualStudioVersion = 17.10.34916.146
MinimumVisualStudioVersion = 10.0.40219.1
Project("{FAE04EC0-301F-11D3-BF4B-00C04F79EFBC}") = "ConsoleToWord", "ConsoleToWord\ConsoleToWord.csproj", "{E0B52F14-9266-4326-9707-8D7B64D87594}"
EndProject
Global
	GlobalSection(SolutionConfigurationPlatforms) = preSolution
		Debug|Any CPU = Debug|Any CPU
		Release|Any CPU = Release|Any CPU
	EndGlobalSection
	GlobalSection(ProjectConfigurationPlatforms) = postSolution
		{E0B52F14-9266-4326-9707-8D7B64D87594}.Debug|Any CPU.ActiveCfg = Debug|Any CPU
		{E0B52F14-9266-4326-9707-8D7B64D87594}.Debug|Any CPU.Build.0 = Debug|Any CPU
		{E0B52F14-9266-4326-9707-8D7B64D87594}.Release|Any CPU.ActiveCfg = Release|Any CPU
		{E0B52F14-9266-4326-9707-8D7B64D87594}.Release|Any CPU.Build.0 = Release|Any CPU
	EndGlobalSection
	GlobalSection(SolutionProperties) = preSolution
		HideSolutionNode = FALSE
	EndGlobalSection
	GlobalSection(ExtensibilityGlobals) = postSolution
		SolutionGuid = {BB011A58-74CC-4A07-8322-CD2221E0C19F}
	EndGlobalSection
EndGlobal
